github.com/gofsnotify/fsnotify v0.0.2 h1:F2WDE3ZshjuNXBe+EXswCn9ue8seMZNiAmJ5SmqoeWI=
github.com/gofsnotify/fsnotify v0.0.2/go.mod h1:CIQsu068LxiEIHQK1EUuCic0r7vqxRxzxBqUqkOyVQg=
github.com/gorilla/websocket v1.5.3 h1:saDtZ6Pbx/0u+bgYQ3q96pZgCzfhKXGPqt7kZ72aNNg=
github.com/gorilla/websocket v1.5.3/go.mod h1:YR8l580nyteQvAITg2hZ9XVh4b55+EU/adAjf1fMHhE=
github.com/omeid/livereload v0.0.0-20180903043807-18d58b752b26 h1:UgrpxortNaAijXWp2dVezOb/2lVNtGlaI/y6SAosQds=
github.com/omeid/livereload v0.0.0-20180903043807-18d58b752b26/go.mod h1:zwZKGxj+J+XPXOcKyE1ByX0oRLb+iWZwy4wO7W9LHTM=
github.com/russross/blackfriday/v2 v2.1.0 h1:JIOH55/0cWyOuilr9/qlrm0BSXldqnqwMsf35Ld67mk=
github.com/russross/blackfriday/v2 v2.1.0/go.mod h1:+Rmxgy9KzJVeS9/2gXHxylqXiyQDYRxCVz55jmeOWTM=
